
Microsoft Visual Studio Solution File, Format Version 12.00
# Visual Studio Version 16
VisualStudioVersion = 16.0.31829.152
MinimumVisualStudioVersion = 10.0.40219.1
Project("{FAE04EC0-301F-11D3-BF4B-00C04F79EFBC}") = "Ak-vs2019-prDemo9", "Ak-vs2019-prDemo9\Ak-vs2019-prDemo9.csproj", "{C88A4CD1-98C9-4D31-9893-C2E0CE3BA041}"
EndProject
Global
	GlobalSection(SolutionConfigurationPlatforms) = preSolution
		Debug|Any CPU = Debug|Any CPU
		Release|Any CPU = Release|Any CPU
	EndGlobalSection
	GlobalSection(ProjectConfigurationPlatforms) = postSolution
		{C88A4CD1-98C9-4D31-9893-C2E0CE3BA041}.Debug|Any CPU.ActiveCfg = Debug|Any CPU
		{C88A4CD1-98C9-4D31-9893-C2E0CE3BA041}.Debug|Any CPU.Build.0 = Debug|Any CPU
		{C88A4CD1-98C9-4D31-9893-C2E0CE3BA041}.Release|Any CPU.ActiveCfg = Release|Any CPU
		{C88A4CD1-98C9-4D31-9893-C2E0CE3BA041}.Release|Any CPU.Build.0 = Release|Any CPU
	EndGlobalSection
	GlobalSection(SolutionProperties) = preSolution
		HideSolutionNode = FALSE
	EndGlobalSection
	GlobalSection(ExtensibilityGlobals) = postSolution
		SolutionGuid = {5D6BB88B-C539-48A0-ACBD-5BFE1EE91CF6}
	EndGlobalSection
EndGlobal
